
Microsoft Visual Studio Solution File, Format Version 12.00
# Visual Studio Version 16
VisualStudioVersion = 16.0.30717.126
MinimumVisualStudioVersion = 10.0.40219.1
Project("{FAE04EC0-301F-11D3-BF4B-00C04F79EFBC}") = "apiForAngular", "apiForAngular\apiForAngular.csproj", "{0F6834B3-F8A5-4BD1-8117-E2DFF381C8C2}"
EndProject
Global
	GlobalSection(SolutionConfigurationPlatforms) = preSolution
		Debug|Any CPU = Debug|Any CPU
		Release|Any CPU = Release|Any CPU
	EndGlobalSection
	GlobalSection(ProjectConfigurationPlatforms) = postSolution
		{0F6834B3-F8A5-4BD1-8117-E2DFF381C8C2}.Debug|Any CPU.ActiveCfg = Debug|Any CPU
		{0F6834B3-F8A5-4BD1-8117-E2DFF381C8C2}.Debug|Any CPU.Build.0 = Debug|Any CPU
		{0F6834B3-F8A5-4BD1-8117-E2DFF381C8C2}.Release|Any CPU.ActiveCfg = Release|Any CPU
		{0F6834B3-F8A5-4BD1-8117-E2DFF381C8C2}.Release|Any CPU.Build.0 = Release|Any CPU
	EndGlobalSection
	GlobalSection(SolutionProperties) = preSolution
		HideSolutionNode = FALSE
	EndGlobalSection
	GlobalSection(ExtensibilityGlobals) = postSolution
		SolutionGuid = {BFD7F625-7BDA-4080-B061-33AD7911C990}
	EndGlobalSection
EndGlobal
